// !$*UTF8*$!
{
	archiveVersion = 1;
	classes = {
	};
	objectVersion = 50;
	objects = {

/* Begin PBXBuildFile section */
		9A0D378D2438324600DCF45B /* CardCell.swift in Sources */ = {isa = PBXBuildFile; fileRef = 9A0D378C2438324600DCF45B /* CardCell.swift */; };
		9A0D37912439394F00DCF45B /* Card.swift in Sources */ = {isa = PBXBuildFile; fileRef = 9A0D37902439394E00DCF45B /* Card.swift */; };
		9A85B8B2242A6ADB0036CBDC /* AppDelegate.swift in Sources */ = {isa = PBXBuildFile; fileRef = 9A85B8B1242A6ADB0036CBDC /* AppDelegate.swift */; };
		9A85B8B4242A6ADB0036CBDC /* SceneDelegate.swift in Sources */ = {isa = PBXBuildFile; fileRef = 9A85B8B3242A6ADB0036CBDC /* SceneDelegate.swift */; };
		9A85B8B6242A6ADB0036CBDC /* GameViewController.swift in Sources */ = {isa = PBXBuildFile; fileRef = 9A85B8B5242A6ADB0036CBDC /* GameViewController.swift */; };
		9A85B8BB242A6AE10036CBDC /* Assets.xcassets in Resources */ = {isa = PBXBuildFile; fileRef = 9A85B8BA242A6AE10036CBDC /* Assets.xcassets */; };
		9A85B8BE242A6AE10036CBDC /* LaunchScreen.storyboard in Resources */ = {isa = PBXBuildFile; fileRef = 9A85B8BC242A6AE10036CBDC /* LaunchScreen.storyboard */; };
		9ADB03D2243A457500A8EE5B /* FingerPaint-Regular.ttf in Resources */ = {isa = PBXBuildFile; fileRef = 9ADB03D1243A443300A8EE5B /* FingerPaint-Regular.ttf */; };
		9ADB03D6243A89BD00A8EE5B /* CustomizeBackgroundViewController.swift in Sources */ = {isa = PBXBuildFile; fileRef = 9ADB03D5243A89BD00A8EE5B /* CustomizeBackgroundViewController.swift */; };
		9ADB03D8243A89D000A8EE5B /* CustomizeCardsViewController.swift in Sources */ = {isa = PBXBuildFile; fileRef = 9ADB03D7243A89D000A8EE5B /* CustomizeCardsViewController.swift */; };
		9ADB03E2243C139B00A8EE5B /* Courgette-Regular.ttf in Resources */ = {isa = PBXBuildFile; fileRef = 9ADB03E1243C139B00A8EE5B /* Courgette-Regular.ttf */; };
		9ADB03E5243C160D00A8EE5B /* ClickerScript-Regular.ttf in Resources */ = {isa = PBXBuildFile; fileRef = 9ADB03E4243C160D00A8EE5B /* ClickerScript-Regular.ttf */; };
		9ADB03E7243D4A1200A8EE5B /* Kranky-Regular.ttf in Resources */ = {isa = PBXBuildFile; fileRef = 9ADB03E6243D4A1200A8EE5B /* Kranky-Regular.ttf */; };
/* End PBXBuildFile section */

/* Begin PBXFileReference section */
		9A0D378C2438324600DCF45B /* CardCell.swift */ = {isa = PBXFileReference; lastKnownFileType = sourcecode.swift; path = CardCell.swift; sourceTree = "<group>"; };
		9A0D37902439394E00DCF45B /* Card.swift */ = {isa = PBXFileReference; lastKnownFileType = sourcecode.swift; path = Card.swift; sourceTree = "<group>"; };
		9A85B8AE242A6ADB0036CBDC /* MatchingPairs.app */ = {isa = PBXFileReference; explicitFileType = wrapper.application; includeInIndex = 0; path = MatchingPairs.app; sourceTree = BUILT_PRODUCTS_DIR; };
		9A85B8B1242A6ADB0036CBDC /* AppDelegate.swift */ = {isa = PBXFileReference; lastKnownFileType = sourcecode.swift; path = AppDelegate.swift; sourceTree = "<group>"; };
		9A85B8B3242A6ADB0036CBDC /* SceneDelegate.swift */ = {isa = PBXFileReference; lastKnownFileType = sourcecode.swift; path = SceneDelegate.swift; sourceTree = "<group>"; };
		9A85B8B5242A6ADB0036CBDC /* GameViewController.swift */ = {isa = PBXFileReference; lastKnownFileType = sourcecode.swift; path = GameViewController.swift; sourceTree = "<group>"; };
		9A85B8BA242A6AE10036CBDC /* Assets.xcassets */ = {isa = PBXFileReference; lastKnownFileType = folder.assetcatalog; path = Assets.xcassets; sourceTree = "<group>"; };
		9A85B8BD242A6AE10036CBDC /* Base */ = {isa = PBXFileReference; lastKnownFileType = file.storyboard; name = Base; path = Base.lproj/LaunchScreen.storyboard; sourceTree = "<group>"; };
		9A85B8BF242A6AE10036CBDC /* Info.plist */ = {isa = PBXFileReference; lastKnownFileType = text.plist.xml; path = Info.plist; sourceTree = "<group>"; };
		9ADB03D1243A443300A8EE5B /* FingerPaint-Regular.ttf */ = {isa = PBXFileReference; lastKnownFileType = file; path = "FingerPaint-Regular.ttf"; sourceTree = "<group>"; };
		9ADB03D5243A89BD00A8EE5B /* CustomizeBackgroundViewController.swift */ = {isa = PBXFileReference; lastKnownFileType = sourcecode.swift; path = CustomizeBackgroundViewController.swift; sourceTree = "<group>"; };
		9ADB03D7243A89D000A8EE5B /* CustomizeCardsViewController.swift */ = {isa = PBXFileReference; lastKnownFileType = sourcecode.swift; path = CustomizeCardsViewController.swift; sourceTree = "<group>"; };
		9ADB03E1243C139B00A8EE5B /* Courgette-Regular.ttf */ = {isa = PBXFileReference; lastKnownFileType = file; path = "Courgette-Regular.ttf"; sourceTree = "<group>"; };
		9ADB03E4243C160D00A8EE5B /* ClickerScript-Regular.ttf */ = {isa = PBXFileReference; lastKnownFileType = file; path = "ClickerScript-Regular.ttf"; sourceTree = "<group>"; };
		9ADB03E6243D4A1200A8EE5B /* Kranky-Regular.ttf */ = {isa = PBXFileReference; lastKnownFileType = file; path = "Kranky-Regular.ttf"; sourceTree = "<group>"; };
/* End PBXFileReference section */

/* Begin PBXFrameworksBuildPhase section */
		9A85B8AB242A6ADB0036CBDC /* Frameworks */ = {
			isa = PBXFrameworksBuildPhase;
			buildActionMask = 2147483647;
			files = (
			);
			runOnlyForDeploymentPostprocessing = 0;
		};
/* End PBXFrameworksBuildPhase section */

/* Begin PBXGroup section */
		9A85B8A5242A6ADB0036CBDC = {
			isa = PBXGroup;
			children = (
				9A85B8B0242A6ADB0036CBDC /* Consolidation11 */,
				9A85B8AF242A6ADB0036CBDC /* Products */,
			);
			sourceTree = "<group>";
		};
		9A85B8AF242A6ADB0036CBDC /* Products */ = {
			isa = PBXGroup;
			children = (
				9A85B8AE242A6ADB0036CBDC /* MatchingPairs.app */,
			);
			name = Products;
			sourceTree = "<group>";
		};
		9A85B8B0242A6ADB0036CBDC /* Consolidation11 */ = {
			isa = PBXGroup;
			children = (
				9A85B8B1242A6ADB0036CBDC /* AppDelegate.swift */,
				9A85B8B3242A6ADB0036CBDC /* SceneDelegate.swift */,
				9ADB03D9243A89E100A8EE5B /* ViewControllers */,
				9A0D378C2438324600DCF45B /* CardCell.swift */,
				9A0D37902439394E00DCF45B /* Card.swift */,
				9ADB03E3243C13A000A8EE5B /* Fonts */,
				9A85B8BA242A6AE10036CBDC /* Assets.xcassets */,
				9A85B8BC242A6AE10036CBDC /* LaunchScreen.storyboard */,
				9A85B8BF242A6AE10036CBDC /* Info.plist */,
			);
			path = Consolidation11;
			sourceTree = "<group>";
		};
		9ADB03D9243A89E100A8EE5B /* ViewControllers */ = {
			isa = PBXGroup;
			children = (
				9A85B8B5242A6ADB0036CBDC /* GameViewController.swift */,
				9ADB03D5243A89BD00A8EE5B /* CustomizeBackgroundViewController.swift */,
				9ADB03D7243A89D000A8EE5B /* CustomizeCardsViewController.swift */,
			);
			path = ViewControllers;
			sourceTree = "<group>";
		};
		9ADB03E3243C13A000A8EE5B /* Fonts */ = {
			isa = PBXGroup;
			children = (
				9ADB03D1243A443300A8EE5B /* FingerPaint-Regular.ttf */,
				9ADB03E1243C139B00A8EE5B /* Courgette-Regular.ttf */,
				9ADB03E4243C160D00A8EE5B /* ClickerScript-Regular.ttf */,
				9ADB03E6243D4A1200A8EE5B /* Kranky-Regular.ttf */,
			);
			path = Fonts;
			sourceTree = "<group>";
		};
/* End PBXGroup section */

/* Begin PBXNativeTarget section */
		9A85B8AD242A6ADB0036CBDC /* Consolidation11 */ = {
			isa = PBXNativeTarget;
			buildConfigurationList = 9A85B8C2242A6AE10036CBDC /* Build configuration list for PBXNativeTarget "Consolidation11" */;
			buildPhases = (
				9A85B8AA242A6ADB0036CBDC /* Sources */,
				9A85B8AB242A6ADB0036CBDC /* Frameworks */,
				9A85B8AC242A6ADB0036CBDC /* Resources */,
			);
			buildRules = (
			);
			dependencies = (
			);
			name = Consolidation11;
			productName = Consolidation11;
			productReference = 9A85B8AE242A6ADB0036CBDC /* MatchingPairs.app */;
			productType = "com.apple.product-type.application";
		};
/* End PBXNativeTarget section */

/* Begin PBXProject section */
		9A85B8A6242A6ADB0036CBDC /* Project object */ = {
			isa = PBXProject;
			attributes = {
				LastSwiftUpdateCheck = 1130;
				LastUpgradeCheck = 1130;
				ORGANIZATIONNAME = "Matt Free";
				TargetAttributes = {
					9A85B8AD242A6ADB0036CBDC = {
						CreatedOnToolsVersion = 11.3.1;
					};
				};
			};
			buildConfigurationList = 9A85B8A9242A6ADB0036CBDC /* Build configuration list for PBXProject "Consolidation11" */;
			compatibilityVersion = "Xcode 9.3";
			developmentRegion = en;
			hasScannedForEncodings = 0;
			knownRegions = (
				en,
				Base,
			);
			mainGroup = 9A85B8A5242A6ADB0036CBDC;
			productRefGroup = 9A85B8AF242A6ADB0036CBDC /* Products */;
			projectDirPath = "";
			projectRoot = "";
			targets = (
				9A85B8AD242A6ADB0036CBDC /* Consolidation11 */,
			);
		};
/* End PBXProject section */

/* Begin PBXResourcesBuildPhase section */
		9A85B8AC242A6ADB0036CBDC /* Resources */ = {
			isa = PBXResourcesBuildPhase;
			buildActionMask = 2147483647;
			files = (
				9ADB03D2243A457500A8EE5B /* FingerPaint-Regular.ttf in Resources */,
				9A85B8BE242A6AE10036CBDC /* LaunchScreen.storyboard in Resources */,
				9ADB03E2243C139B00A8EE5B /* Courgette-Regular.ttf in Resources */,
				9ADB03E7243D4A1200A8EE5B /* Kranky-Regular.ttf in Resources */,
				9ADB03E5243C160D00A8EE5B /* ClickerScript-Regular.ttf in Resources */,
				9A85B8BB242A6AE10036CBDC /* Assets.xcassets in Resources */,
			);
			runOnlyForDeploymentPostprocessing = 0;
		};
/* End PBXResourcesBuildPhase section */

/* Begin PBXSourcesBuildPhase section */
		9A85B8AA242A6ADB0036CBDC /* Sources */ = {
			isa = PBXSourcesBuildPhase;
			buildActionMask = 2147483647;
			files = (
				9A85B8B6242A6ADB0036CBDC /* GameViewController.swift in Sources */,
				9A85B8B2242A6ADB0036CBDC /* AppDelegate.swift in Sources */,
				9A0D37912439394F00DCF45B /* Card.swift in Sources */,
				9A85B8B4242A6ADB0036CBDC /* SceneDelegate.swift in Sources */,
				9ADB03D8243A89D000A8EE5B /* CustomizeCardsViewController.swift in Sources */,
				9ADB03D6243A89BD00A8EE5B /* CustomizeBackgroundViewController.swift in Sources */,
				9A0D378D2438324600DCF45B /* CardCell.swift in Sources */,
			);
			runOnlyForDeploymentPostprocessing = 0;
		};
/* End PBXSourcesBuildPhase section */

/* Begin PBXVariantGroup section */
		9A85B8BC242A6AE10036CBDC /* LaunchScreen.storyboard */ = {
			isa = PBXVariantGroup;
			children = (
				9A85B8BD242A6AE10036CBDC /* Base */,
			);
			name = LaunchScreen.storyboard;
			sourceTree = "<group>";
		};
/* End PBXVariantGroup section */

/* Begin XCBuildConfiguration section */
		9A85B8C0242A6AE10036CBDC /* Debug */ = {
			isa = XCBuildConfiguration;
			buildSettings = {
				ALWAYS_SEARCH_USER_PATHS = NO;
				CLANG_ANALYZER_NONNULL = YES;
				CLANG_ANALYZER_NUMBER_OBJECT_CONVERSION = YES_AGGRESSIVE;
				CLANG_CXX_LANGUAGE_STANDARD = "gnu++14";
				CLANG_CXX_LIBRARY = "libc++";
				CLANG_ENABLE_MODULES = YES;
				CLANG_ENABLE_OBJC_ARC = YES;
				CLANG_ENABLE_OBJC_WEAK = YES;
				CLANG_WARN_BLOCK_CAPTURE_AUTORELEASING = YES;
				CLANG_WARN_BOOL_CONVERSION = YES;
				CLANG_WARN_COMMA = YES;
				CLANG_WARN_CONSTANT_CONVERSION = YES;
				CLANG_WARN_DEPRECATED_OBJC_IMPLEMENTATIONS = YES;
				CLANG_WARN_DIRECT_OBJC_ISA_USAGE = YES_ERROR;
				CLANG_WARN_DOCUMENTATION_COMMENTS = YES;
				CLANG_WARN_EMPTY_BODY = YES;
				CLANG_WARN_ENUM_CONVERSION = YES;
				CLANG_WARN_INFINITE_RECURSION = YES;
				CLANG_WARN_INT_CONVERSION = YES;
				CLANG_WARN_NON_LITERAL_NULL_CONVERSION = YES;
				CLANG_WARN_OBJC_IMPLICIT_RETAIN_SELF = YES;
				CLANG_WARN_OBJC_LITERAL_CONVERSION = YES;
				CLANG_WARN_OBJC_ROOT_CLASS = YES_ERROR;
				CLANG_WARN_RANGE_LOOP_ANALYSIS = YES;
				CLANG_WARN_STRICT_PROTOTYPES = YES;
				CLANG_WARN_SUSPICIOUS_MOVE = YES;
				CLANG_WARN_UNGUARDED_AVAILABILITY = YES_AGGRESSIVE;
				CLANG_WARN_UNREACHABLE_CODE = YES;
				CLANG_WARN__DUPLICATE_METHOD_MATCH = YES;
				COPY_PHASE_STRIP = NO;
				DEBUG_INFORMATION_FORMAT = dwarf;
				ENABLE_STRICT_OBJC_MSGSEND = YES;
				ENABLE_TESTABILITY = YES;
				GCC_C_LANGUAGE_STANDARD = gnu11;
				GCC_DYNAMIC_NO_PIC = NO;
				GCC_NO_COMMON_BLOCKS = YES;
				GCC_OPTIMIZATION_LEVEL = 0;
				GCC_PREPROCESSOR_DEFINITIONS = (
					"DEBUG=1",
					"$(inherited)",
				);
				GCC_WARN_64_TO_32_BIT_CONVERSION = YES;
				GCC_WARN_ABOUT_RETURN_TYPE = YES_ERROR;
				GCC_WARN_UNDECLARED_SELECTOR = YES;
				GCC_WARN_UNINITIALIZED_AUTOS = YES_AGGRESSIVE;
				GCC_WARN_UNUSED_FUNCTION = YES;
				GCC_WARN_UNUSED_VARIABLE = YES;
				IPHONEOS_DEPLOYMENT_TARGET = 13.2;
				MTL_ENABLE_DEBUG_INFO = INCLUDE_SOURCE;
				MTL_FAST_MATH = YES;
				ONLY_ACTIVE_ARCH = YES;
				SDKROOT = iphoneos;
				SWIFT_ACTIVE_COMPILATION_CONDITIONS = DEBUG;
				SWIFT_OPTIMIZATION_LEVEL = "-Onone";
			};
			name = Debug;
		};
		9A85B8C1242A6AE10036CBDC /* Release */ = {
			isa = XCBuildConfiguration;
			buildSettings = {
				ALWAYS_SEARCH_USER_PATHS = NO;
				CLANG_ANALYZER_NONNULL = YES;
				CLANG_ANALYZER_NUMBER_OBJECT_CONVERSION = YES_AGGRESSIVE;
				CLANG_CXX_LANGUAGE_STANDARD = "gnu++14";
				CLANG_CXX_LIBRARY = "libc++";
				CLANG_ENABLE_MODULES = YES;
				CLANG_ENABLE_OBJC_ARC = YES;
				CLANG_ENABLE_OBJC_WEAK = YES;
				CLANG_WARN_BLOCK_CAPTURE_AUTORELEASING = YES;
				CLANG_WARN_BOOL_CONVERSION = YES;
				CLANG_WARN_COMMA = YES;
				CLANG_WARN_CONSTANT_CONVERSION = YES;
				CLANG_WARN_DEPRECATED_OBJC_IMPLEMENTATIONS = YES;
				CLANG_WARN_DIRECT_OBJC_ISA_USAGE = YES_ERROR;
				CLANG_WARN_DOCUMENTATION_COMMENTS = YES;
				CLANG_WARN_EMPTY_BODY = YES;
				CLANG_WARN_ENUM_CONVERSION = YES;
				CLANG_WARN_INFINITE_RECURSION = YES;
				CLANG_WARN_INT_CONVERSION = YES;
				CLANG_WARN_NON_LITERAL_NULL_CONVERSION = YES;
				CLANG_WARN_OBJC_IMPLICIT_RETAIN_SELF = YES;
				CLANG_WARN_OBJC_LITERAL_CONVERSION = YES;
				CLANG_WARN_OBJC_ROOT_CLASS = YES_ERROR;
				CLANG_WARN_RANGE_LOOP_ANALYSIS = YES;
				CLANG_WARN_STRICT_PROTOTYPES = YES;
				CLANG_WARN_SUSPICIOUS_MOVE = YES;
				CLANG_WARN_UNGUARDED_AVAILABILITY = YES_AGGRESSIVE;
				CLANG_WARN_UNREACHABLE_CODE = YES;
				CLANG_WARN__DUPLICATE_METHOD_MATCH = YES;
				COPY_PHASE_STRIP = NO;
				DEBUG_INFORMATION_FORMAT = "dwarf-with-dsym";
				ENABLE_NS_ASSERTIONS = NO;
				ENABLE_STRICT_OBJC_MSGSEND = YES;
				GCC_C_LANGUAGE_STANDARD = gnu11;
				GCC_NO_COMMON_BLOCKS = YES;
				GCC_WARN_64_TO_32_BIT_CONVERSION = YES;
				GCC_WARN_ABOUT_RETURN_TYPE = YES_ERROR;
				GCC_WARN_UNDECLARED_SELECTOR = YES;
				GCC_WARN_UNINITIALIZED_AUTOS = YES_AGGRESSIVE;
				GCC_WARN_UNUSED_FUNCTION = YES;
				GCC_WARN_UNUSED_VARIABLE = YES;
				IPHONEOS_DEPLOYMENT_TARGET = 13.2;
				MTL_ENABLE_DEBUG_INFO = NO;
				MTL_FAST_MATH = YES;
				SDKROOT = iphoneos;
				SWIFT_COMPILATION_MODE = wholemodule;
				SWIFT_OPTIMIZATION_LEVEL = "-O";
				VALIDATE_PRODUCT = YES;
			};
			name = Release;
		};
		9A85B8C3242A6AE10036CBDC /* Debug */ = {
			isa = XCBuildConfiguration;
			buildSettings = {
				ASSETCATALOG_COMPILER_APPICON_NAME = AppIcon;
				CODE_SIGN_STYLE = Automatic;
				DEVELOPMENT_TEAM = 3245FW657Z;
				INFOPLIST_FILE = Consolidation11/Info.plist;
				LD_RUNPATH_SEARCH_PATHS = (
					"$(inherited)",
					"@executable_path/Frameworks",
				);
				PRODUCT_BUNDLE_IDENTIFIER = com.MattFree.Consolidation11;
				PRODUCT_NAME = MatchingPairs;
				SWIFT_VERSION = 5.0;
				TARGETED_DEVICE_FAMILY = 1;
			};
			name = Debug;
		};
		9A85B8C4242A6AE10036CBDC /* Release */ = {
			isa = XCBuildConfiguration;
			buildSettings = {
				ASSETCATALOG_COMPILER_APPICON_NAME = AppIcon;
				CODE_SIGN_STYLE = Automatic;
				DEVELOPMENT_TEAM = 3245FW657Z;
				INFOPLIST_FILE = Consolidation11/Info.plist;
				LD_RUNPATH_SEARCH_PATHS = (
					"$(inherited)",
					"@executable_path/Frameworks",
				);
				PRODUCT_BUNDLE_IDENTIFIER = com.MattFree.Consolidation11;
				PRODUCT_NAME = MatchingPairs;
				SWIFT_VERSION = 5.0;
				TARGETED_DEVICE_FAMILY = 1;
			};
			name = Release;
		};
/* End XCBuildConfiguration section */

/* Begin XCConfigurationList section */
		9A85B8A9242A6ADB0036CBDC /* Build configuration list for PBXProject "Consolidation11" */ = {
			isa = XCConfigurationList;
			buildConfigurations = (
				9A85B8C0242A6AE10036CBDC /* Debug */,
				9A85B8C1242A6AE10036CBDC /* Release */,
			);
			defaultConfigurationIsVisible = 0;
			defaultConfigurationName = Release;
		};
		9A85B8C2242A6AE10036CBDC /* Build configuration list for PBXNativeTarget "Consolidation11" */ = {
			isa = XCConfigurationList;
			buildConfigurations = (
				9A85B8C3242A6AE10036CBDC /* Debug */,
				9A85B8C4242A6AE10036CBDC /* Release */,
			);
			defaultConfigurationIsVisible = 0;
			defaultConfigurationName = Release;
		};
/* End XCConfigurationList section */
	};
	rootObject = 9A85B8A6242A6ADB0036CBDC /* Project object */;
}
